{
  "requires": true,
  "lockfileVersion": 1,
  "dependencies": {
    "commondir": {
      "version": "1.0.1",
      "resolved": "https://registry.npmjs.org/commondir/-/commondir-1.0.1.tgz",
      "integrity": "sha1-3dgA2gxmEnOTzKWVDqloo6rxJTs=",
      "dev": true
    },
    "eslint-plugin-dependencies": {
      "version": "2.4.0",
      "resolved": "https://registry.npmjs.org/eslint-plugin-dependencies/-/eslint-plugin-dependencies-2.4.0.tgz",
      "integrity": "sha512-IaW2phNpktrok2eDziZLYxmNaGysXjNj6NVji7LEv/qagHG2oshsmV+mUSxAGG5Jv9seuRBdX1YXEIaNlhkFJg==",
      "dev": true,
      "requires": {
        "commondir": "^1.0.1",
        "resolve": "^1.1.6"
      }
    },
    "path-parse": {
      "version": "1.0.6",
      "resolved": "https://registry.npmjs.org/path-parse/-/path-parse-1.0.6.tgz",
      "integrity": "sha512-GSmOT2EbHrINBf9SR7CDELwlJ8AENk3Qn7OikK4nFYAu3Ote2+JYNVvkpAEQm3/TLNEJFD/xZJjzyxg3KBWOzw==",
      "dev": true
    },
    "resolve": {
      "version": "1.10.0",
      "resolved": "https://registry.npmjs.org/resolve/-/resolve-1.10.0.tgz",
      "integrity": "sha512-3sUr9aq5OfSg2S9pNtPA9hL1FVEAjvfOC4leW0SNf/mpnaakz2a9femSd6LqAww2RaFctwyf1lCqnTHuF1rxDg==",
      "dev": true,
      "requires": {
        "path-parse": "^1.0.6"
      }
    }
  }
}
